
Microsoft Visual Studio Solution File, Format Version 12.00
# Visual Studio Version 16
VisualStudioVersion = 16.0.30320.27
MinimumVisualStudioVersion = 10.0.40219.1
Project("{FAE04EC0-301F-11D3-BF4B-00C04F79EFBC}") = "WebsocketTemplateWebAP", "WebsocketTemplateWebAP\WebsocketTemplateWebAP.csproj", "{550108F6-22D9-4A90-913D-A121C563AD6A}"
EndProject
Global
	GlobalSection(SolutionConfigurationPlatforms) = preSolution
		Debug|Any CPU = Debug|Any CPU
		Release|Any CPU = Release|Any CPU
	EndGlobalSection
	GlobalSection(ProjectConfigurationPlatforms) = postSolution
		{550108F6-22D9-4A90-913D-A121C563AD6A}.Debug|Any CPU.ActiveCfg = Debug|Any CPU
		{550108F6-22D9-4A90-913D-A121C563AD6A}.Debug|Any CPU.Build.0 = Debug|Any CPU
		{550108F6-22D9-4A90-913D-A121C563AD6A}.Release|Any CPU.ActiveCfg = Release|Any CPU
		{550108F6-22D9-4A90-913D-A121C563AD6A}.Release|Any CPU.Build.0 = Release|Any CPU
	EndGlobalSection
	GlobalSection(SolutionProperties) = preSolution
		HideSolutionNode = FALSE
	EndGlobalSection
	GlobalSection(ExtensibilityGlobals) = postSolution
		SolutionGuid = {BB364964-BD45-4E94-8ED0-FF38744B8B04}
	EndGlobalSection
EndGlobal
